{
  "name": "postcodes.io",
  "version": "1.1.3",
  "dependencies": {
    "pg": {
      "version": "3.3.0",
      "from": "pg@~3.3.0",
      "dependencies": {
        "generic-pool": {
          "version": "2.0.3",
          "from": "generic-pool@2.0.3"
        },
        "buffer-writer": {
          "version": "1.0.0",
          "from": "buffer-writer@1.0.0"
        },
        "pgpass": {
          "version": "0.0.3",
          "from": "pgpass@0.0.3",
          "dependencies": {
            "split": {
              "version": "0.3.0",
              "from": "split@~0.3",
              "dependencies": {
                "through": {
                  "version": "2.3.4",
                  "from": "through@2"
                }
              }
            }
          }
        },
        "nan": {
          "version": "0.6.0",
          "from": "nan@~0.6.0"
        },
        "packet-reader": {
          "version": "0.2.0",
          "from": "packet-reader@0.2.0"
        },
        "pg-types": {
          "version": "1.3.0",
          "from": "pg-types@1.3.0"
        }
      }
    },
    "express": {
      "version": "4.6.1",
      "from": "express@~4.6.1",
      "dependencies": {
        "accepts": {
          "version": "1.0.7",
          "from": "accepts@~1.0.7",
          "dependencies": {
            "mime-types": {
              "version": "1.0.1",
              "from": "mime-types@~1.0.1"
            },
            "negotiator": {
              "version": "0.4.7",
              "from": "negotiator@0.4.7"
            }
          }
        },
        "buffer-crc32": {
          "version": "0.2.3",
          "from": "buffer-crc32@0.2.3"
        },
        "debug": {
          "version": "1.0.3",
          "from": "debug@1.0.3",
          "dependencies": {
            "ms": {
              "version": "0.6.2",
              "from": "ms@0.6.2"
            }
          }
        },
        "depd": {
          "version": "0.3.0",
          "from": "depd@0.3.0"
        },
        "escape-html": {
          "version": "1.0.1",
          "from": "escape-html@1.0.1"
        },
        "finalhandler": {
          "version": "0.0.3",
          "from": "finalhandler@0.0.3"
        },
        "media-typer": {
          "version": "0.2.0",
          "from": "media-typer@0.2.0"
        },
        "methods": {
          "version": "1.1.0",
          "from": "methods@1.1.0"
        },
        "parseurl": {
          "version": "1.1.3",
          "from": "parseurl@~1.1.3"
        },
        "path-to-regexp": {
          "version": "0.1.3",
          "from": "path-to-regexp@0.1.3"
        },
        "proxy-addr": {
          "version": "1.0.1",
          "from": "proxy-addr@1.0.1",
          "dependencies": {
            "ipaddr.js": {
              "version": "0.1.2",
              "from": "ipaddr.js@0.1.2"
            }
          }
        },
        "range-parser": {
          "version": "1.0.0",
          "from": "range-parser@1.0.0"
        },
        "send": {
          "version": "0.6.0",
          "from": "send@0.6.0",
          "dependencies": {
            "finished": {
              "version": "1.2.2",
              "from": "finished@1.2.2",
              "dependencies": {
                "ee-first": {
                  "version": "1.0.3",
                  "from": "ee-first@1.0.3"
                }
              }
            },
            "mime": {
              "version": "1.2.11",
              "from": "mime@1.2.11"
            },
            "ms": {
              "version": "0.6.2",
              "from": "ms@0.6.2"
            }
          }
        },
        "serve-static": {
          "version": "1.3.2",
          "from": "serve-static@~1.3.2"
        },
        "type-is": {
          "version": "1.3.2",
          "from": "type-is@~1.3.2",
          "dependencies": {
            "mime-types": {
              "version": "1.0.1",
              "from": "mime-types@~1.0.1"
            }
          }
        },
        "vary": {
          "version": "0.1.0",
          "from": "vary@0.1.0"
        },
        "cookie": {
          "version": "0.1.2",
          "from": "cookie@0.1.2"
        },
        "fresh": {
          "version": "0.2.2",
          "from": "fresh@0.2.2"
        },
        "cookie-signature": {
          "version": "1.0.4",
          "from": "cookie-signature@1.0.4"
        },
        "merge-descriptors": {
          "version": "0.0.2",
          "from": "merge-descriptors@0.0.2"
        },
        "qs": {
          "version": "0.6.6",
          "from": "qs@0.6.6"
        },
        "utils-merge": {
          "version": "1.0.0",
          "from": "utils-merge@1.0.0"
        }
      }
    },
    "morgan": {
      "version": "1.1.1",
      "from": "morgan@~1.1.1",
      "dependencies": {
        "bytes": {
          "version": "1.0.0",
          "from": "bytes@1.0.0"
        }
      }
    },
    "static-favicon": {
      "version": "1.0.2",
      "from": "static-favicon@~1.0.0"
    },
    "body-parser": {
      "version": "1.4.3",
      "from": "body-parser@~1.4.3",
      "dependencies": {
        "bytes": {
          "version": "1.0.0",
          "from": "bytes@1.0.0"
        },
        "depd": {
          "version": "0.3.0",
          "from": "depd@0.3.0"
        },
        "iconv-lite": {
          "version": "0.4.3",
          "from": "iconv-lite@0.4.3"
        },
        "media-typer": {
          "version": "0.2.0",
          "from": "media-typer@0.2.0"
        },
        "qs": {
          "version": "0.6.6",
          "from": "qs@0.6.6"
        },
        "raw-body": {
          "version": "1.2.2",
          "from": "raw-body@1.2.2"
        },
        "type-is": {
          "version": "1.3.1",
          "from": "type-is@1.3.1",
          "dependencies": {
            "mime-types": {
              "version": "1.0.0",
              "from": "mime-types@1.0.0"
            }
          }
        }
      }
    },
    "jade": {
      "version": "1.3.1",
      "from": "jade@~1.3.0",
      "dependencies": {
        "commander": {
          "version": "2.1.0",
          "from": "commander@2.1.0"
        },
        "mkdirp": {
          "version": "0.3.5",
          "from": "mkdirp@~0.3.5"
        },
        "transformers": {
          "version": "2.1.0",
          "from": "transformers@2.1.0",
          "dependencies": {
            "promise": {
              "version": "2.0.0",
              "from": "promise@~2.0",
              "dependencies": {
                "is-promise": {
                  "version": "1.0.1",
                  "from": "is-promise@~1"
                }
              }
            },
            "css": {
              "version": "1.0.8",
              "from": "css@~1.0.8",
              "dependencies": {
                "css-parse": {
                  "version": "1.0.4",
                  "from": "css-parse@1.0.4"
                },
                "css-stringify": {
                  "version": "1.0.5",
                  "from": "css-stringify@1.0.5"
                }
              }
            },
            "uglify-js": {
              "version": "2.2.5",
              "from": "uglify-js@~2.2.5",
              "dependencies": {
                "source-map": {
                  "version": "0.1.37",
                  "from": "source-map@~0.1.7",
                  "dependencies": {
                    "amdefine": {
                      "version": "0.1.0",
                      "from": "amdefine@>=0.0.4"
                    }
                  }
                },
                "optimist": {
                  "version": "0.3.7",
                  "from": "optimist@~0.3.5",
                  "dependencies": {
                    "wordwrap": {
                      "version": "0.0.2",
                      "from": "wordwrap@~0.0.2"
                    }
                  }
                }
              }
            }
          }
        },
        "character-parser": {
          "version": "1.2.0",
          "from": "character-parser@1.2.0"
        },
        "monocle": {
          "version": "1.1.51",
          "from": "monocle@1.1.51",
          "dependencies": {
            "readdirp": {
              "version": "0.2.5",
              "from": "readdirp@~0.2.3",
              "dependencies": {
                "minimatch": {
                  "version": "0.4.0",
                  "from": "minimatch@>=0.2.4",
                  "dependencies": {
                    "lru-cache": {
                      "version": "2.5.0",
                      "from": "lru-cache@2"
                    },
                    "sigmund": {
                      "version": "1.0.0",
                      "from": "sigmund@~1.0.0"
                    }
                  }
                }
              }
            }
          }
        },
        "with": {
          "version": "3.0.0",
          "from": "with@~3.0.0",
          "dependencies": {
            "uglify-js": {
              "version": "2.4.15",
              "from": "uglify-js@~2.4.12",
              "dependencies": {
                "async": {
                  "version": "0.2.10",
                  "from": "async@~0.2.6"
                },
                "source-map": {
                  "version": "0.1.34",
                  "from": "source-map@0.1.34",
                  "dependencies": {
                    "amdefine": {
                      "version": "0.1.0",
                      "from": "amdefine@>=0.0.4"
                    }
                  }
                },
                "optimist": {
                  "version": "0.3.7",
                  "from": "optimist@~0.3.5",
                  "dependencies": {
                    "wordwrap": {
                      "version": "0.0.2",
                      "from": "wordwrap@~0.0.2"
                    }
                  }
                },
                "uglify-to-browserify": {
                  "version": "1.0.2",
                  "from": "uglify-to-browserify@~1.0.0"
                }
              }
            }
          }
        },
        "constantinople": {
          "version": "2.0.1",
          "from": "constantinople@~2.0.0",
          "dependencies": {
            "uglify-js": {
              "version": "2.4.15",
              "from": "uglify-js@~2.4.12",
              "dependencies": {
                "async": {
                  "version": "0.2.10",
                  "from": "async@~0.2.6"
                },
                "source-map": {
                  "version": "0.1.34",
                  "from": "source-map@0.1.34",
                  "dependencies": {
                    "amdefine": {
                      "version": "0.1.0",
                      "from": "amdefine@>=0.0.4"
                    }
                  }
                },
                "optimist": {
                  "version": "0.3.7",
                  "from": "optimist@~0.3.5",
                  "dependencies": {
                    "wordwrap": {
                      "version": "0.0.2",
                      "from": "wordwrap@~0.0.2"
                    }
                  }
                },
                "uglify-to-browserify": {
                  "version": "1.0.2",
                  "from": "uglify-to-browserify@~1.0.0"
                }
              }
            }
          }
        }
      }
    },
    "bunyan": {
      "version": "0.23.1",
      "from": "bunyan@~0.23.1",
      "dependencies": {
        "mv": {
          "version": "2.0.1",
          "from": "mv@~2",
          "dependencies": {
            "mkdirp": {
              "version": "0.5.0",
              "from": "mkdirp@~0.5.0",
              "dependencies": {
                "minimist": {
                  "version": "0.0.8",
                  "from": "minimist@0.0.8"
                }
              }
            },
            "ncp": {
              "version": "0.5.1",
              "from": "ncp@~0.5.1"
            },
            "rimraf": {
              "version": "2.2.8",
              "from": "rimraf@~2.2.8"
            }
          }
        },
        "dtrace-provider": {
          "version": "0.2.8",
          "from": "dtrace-provider@0.2.8"
        }
      }
    },
    "commonlog-bunyan": {
      "version": "0.3.0",
      "from": "commonlog-bunyan@~0.3.0",
      "dependencies": {
        "bunyan": {
          "version": "0.22.3",
          "from": "bunyan@~0.22.1",
          "dependencies": {
            "mv": {
              "version": "2.0.1",
              "from": "mv@~2",
              "dependencies": {
                "mkdirp": {
                  "version": "0.5.0",
                  "from": "mkdirp@~0.5.0",
                  "dependencies": {
                    "minimist": {
                      "version": "0.0.8",
                      "from": "minimist@0.0.8"
                    }
                  }
                },
                "ncp": {
                  "version": "0.5.1",
                  "from": "ncp@~0.5.1"
                },
                "rimraf": {
                  "version": "2.2.8",
                  "from": "rimraf@~2.2.8"
                }
              }
            },
            "dtrace-provider": {
              "version": "0.2.8",
              "from": "dtrace-provider@0.2.8"
            }
          }
        },
        "randomstring": {
          "version": "1.0.3",
          "from": "randomstring@~1.0.2"
        },
        "tail": {
          "version": "0.3.5",
          "from": "tail@~0.3.5"
        }
      }
    },
    "node.extend": {
      "version": "1.0.10",
      "from": "node.extend@~1.0.10",
      "dependencies": {
        "is": {
          "version": "0.3.0",
          "from": "is@~0.3.0"
        }
      }
    },
    "random-string": {
      "version": "0.1.1",
      "from": "random-string@~0.1.1"
    },
    "pg-copy-streams": {
      "version": "0.2.4",
      "from": "pg-copy-streams@~0.2.1"
    },
    "csv": {
      "version": "0.3.7",
      "from": "csv@~0.3.6"
    },
    "async": {
      "version": "0.9.0",
      "from": "async@~0.9.0"
    },
    "postcode": {
      "version": "0.2.1",
      "from": "postcode@~0.2.1"
    },
    "ospoint": {
      "version": "0.2.0",
      "from": "ospoint@~0.2.0"
    },
    "bunyan-syslog": {
      "version": "0.2.2",
      "from": "bunyan-syslog@~0.2.2",
      "dependencies": {
        "assert-plus": {
          "version": "0.1.4",
          "from": "assert-plus@0.1.4"
        }
      }
    },
    "string": {
      "version": "1.9.0",
      "from": "string@~1.9.0"
    },
    "cors": {
      "version": "2.4.1",
      "from": "cors@~2.4.1"
    }
  }
}
